
Microsoft Visual Studio Solution File, Format Version 12.00
# Visual Studio Version 17
VisualStudioVersion = 17.0.31903.59
MinimumVisualStudioVersion = 10.0.40219.1
Project("{2150E333-8FDC-42A3-9474-1A3956D46DE8}") = "Services", "Services", "{5854FF58-B8C5-05C6-5BF2-ACE42193F22B}"
EndProject
Project("{2150E333-8FDC-42A3-9474-1A3956D46DE8}") = "TaskService", "TaskService", "{2CBE1D28-0EC7-3B19-3A36-675A4D1AD6AD}"
EndProject
Project("{FAE04EC0-301F-11D3-BF4B-00C04F79EFBC}") = "TaskService.API", "Services\TaskService\TaskService.API\TaskService.API.csproj", "{214C6F94-0CE7-4C52-9720-0530011170BE}"
EndProject
Project("{FAE04EC0-301F-11D3-BF4B-00C04F79EFBC}") = "TaskService.Infrastructure", "Services\TaskService\TaskService.Infrastructure\TaskService.Infrastructure.csproj", "{546CA771-A272-4D01-B5C4-E19260BC03F1}"
EndProject
Project("{2150E333-8FDC-42A3-9474-1A3956D46DE8}") = "UserService", "UserService", "{BB9B0570-D764-F740-A1C1-3444BA1D5022}"
EndProject
Project("{FAE04EC0-301F-11D3-BF4B-00C04F79EFBC}") = "UserService.API", "Services\UserService\UserService.API\UserService.API.csproj", "{CB6411FA-3AA5-46AF-A639-293C4281DA80}"
EndProject
Project("{FAE04EC0-301F-11D3-BF4B-00C04F79EFBC}") = "UserService.Infrastructure", "Services\UserService\UserService.Infrastructure\UserService.Infrastructure.csproj", "{A47AC1EC-8873-4E0C-A169-C44E9F6912D4}"
	ProjectSection(ProjectDependencies) = postProject
		{3C47C5C5-C004-4316-AA25-7F6E685A68A9} = {3C47C5C5-C004-4316-AA25-7F6E685A68A9}
	EndProjectSection
EndProject
Project("{2150E333-8FDC-42A3-9474-1A3956D46DE8}") = "Shared", "Shared", "{4F52FD11-658E-A102-6CD3-7D7C16FFA15B}"
EndProject
Project("{FAE04EC0-301F-11D3-BF4B-00C04F79EFBC}") = "SharedKernel", "Shared\Contracts\SharedKernel.csproj", "{8698664A-2E2E-4597-9536-953A22A1D116}"
EndProject
Project("{FAE04EC0-301F-11D3-BF4B-00C04F79EFBC}") = "UserService.Application", "Services\UserService\UserService.Application\UserService.Application.csproj", "{3C47C5C5-C004-4316-AA25-7F6E685A68A9}"
EndProject
Project("{FAE04EC0-301F-11D3-BF4B-00C04F79EFBC}") = "UserService.Domain", "Services\UserService\UserService.Domain\UserService.Domain.csproj", "{4046F7E7-CEFD-4A0E-8C05-C5B1859FC691}"
EndProject
Project("{FAE04EC0-301F-11D3-BF4B-00C04F79EFBC}") = "TaskService.Application", "Services\TaskService\TaskService.Application\TaskService.Application.csproj", "{B1811ACC-BEE3-4444-9303-479349404920}"
EndProject
Project("{FAE04EC0-301F-11D3-BF4B-00C04F79EFBC}") = "TaskService.Domain", "Services\TaskService\TaskService.Domain\TaskService.Domain.csproj", "{CF734AAF-4BF8-4DED-A0B8-7254A22A16B3}"
EndProject
Global
	GlobalSection(SolutionConfigurationPlatforms) = preSolution
		Debug|Any CPU = Debug|Any CPU
		Debug|x64 = Debug|x64
		Debug|x86 = Debug|x86
		Release|Any CPU = Release|Any CPU
		Release|x64 = Release|x64
		Release|x86 = Release|x86
	EndGlobalSection
	GlobalSection(ProjectConfigurationPlatforms) = postSolution
		{214C6F94-0CE7-4C52-9720-0530011170BE}.Debug|Any CPU.ActiveCfg = Debug|Any CPU
		{214C6F94-0CE7-4C52-9720-0530011170BE}.Debug|Any CPU.Build.0 = Debug|Any CPU
		{214C6F94-0CE7-4C52-9720-0530011170BE}.Debug|x64.ActiveCfg = Debug|Any CPU
		{214C6F94-0CE7-4C52-9720-0530011170BE}.Debug|x64.Build.0 = Debug|Any CPU
		{214C6F94-0CE7-4C52-9720-0530011170BE}.Debug|x86.ActiveCfg = Debug|Any CPU
		{214C6F94-0CE7-4C52-9720-0530011170BE}.Debug|x86.Build.0 = Debug|Any CPU
		{214C6F94-0CE7-4C52-9720-0530011170BE}.Release|Any CPU.ActiveCfg = Release|Any CPU
		{214C6F94-0CE7-4C52-9720-0530011170BE}.Release|Any CPU.Build.0 = Release|Any CPU
		{214C6F94-0CE7-4C52-9720-0530011170BE}.Release|x64.ActiveCfg = Release|Any CPU
		{214C6F94-0CE7-4C52-9720-0530011170BE}.Release|x64.Build.0 = Release|Any CPU
		{214C6F94-0CE7-4C52-9720-0530011170BE}.Release|x86.ActiveCfg = Release|Any CPU
		{214C6F94-0CE7-4C52-9720-0530011170BE}.Release|x86.Build.0 = Release|Any CPU
		{546CA771-A272-4D01-B5C4-E19260BC03F1}.Debug|Any CPU.ActiveCfg = Debug|Any CPU
		{546CA771-A272-4D01-B5C4-E19260BC03F1}.Debug|Any CPU.Build.0 = Debug|Any CPU
		{546CA771-A272-4D01-B5C4-E19260BC03F1}.Debug|x64.ActiveCfg = Debug|Any CPU
		{546CA771-A272-4D01-B5C4-E19260BC03F1}.Debug|x64.Build.0 = Debug|Any CPU
		{546CA771-A272-4D01-B5C4-E19260BC03F1}.Debug|x86.ActiveCfg = Debug|Any CPU
		{546CA771-A272-4D01-B5C4-E19260BC03F1}.Debug|x86.Build.0 = Debug|Any CPU
		{546CA771-A272-4D01-B5C4-E19260BC03F1}.Release|Any CPU.ActiveCfg = Release|Any CPU
		{546CA771-A272-4D01-B5C4-E19260BC03F1}.Release|Any CPU.Build.0 = Release|Any CPU
		{546CA771-A272-4D01-B5C4-E19260BC03F1}.Release|x64.ActiveCfg = Release|Any CPU
		{546CA771-A272-4D01-B5C4-E19260BC03F1}.Release|x64.Build.0 = Release|Any CPU
		{546CA771-A272-4D01-B5C4-E19260BC03F1}.Release|x86.ActiveCfg = Release|Any CPU
		{546CA771-A272-4D01-B5C4-E19260BC03F1}.Release|x86.Build.0 = Release|Any CPU
		{CB6411FA-3AA5-46AF-A639-293C4281DA80}.Debug|Any CPU.ActiveCfg = Debug|Any CPU
		{CB6411FA-3AA5-46AF-A639-293C4281DA80}.Debug|Any CPU.Build.0 = Debug|Any CPU
		{CB6411FA-3AA5-46AF-A639-293C4281DA80}.Debug|x64.ActiveCfg = Debug|Any CPU
		{CB6411FA-3AA5-46AF-A639-293C4281DA80}.Debug|x64.Build.0 = Debug|Any CPU
		{CB6411FA-3AA5-46AF-A639-293C4281DA80}.Debug|x86.ActiveCfg = Debug|Any CPU
		{CB6411FA-3AA5-46AF-A639-293C4281DA80}.Debug|x86.Build.0 = Debug|Any CPU
		{CB6411FA-3AA5-46AF-A639-293C4281DA80}.Release|Any CPU.ActiveCfg = Release|Any CPU
		{CB6411FA-3AA5-46AF-A639-293C4281DA80}.Release|Any CPU.Build.0 = Release|Any CPU
		{CB6411FA-3AA5-46AF-A639-293C4281DA80}.Release|x64.ActiveCfg = Release|Any CPU
		{CB6411FA-3AA5-46AF-A639-293C4281DA80}.Release|x64.Build.0 = Release|Any CPU
		{CB6411FA-3AA5-46AF-A639-293C4281DA80}.Release|x86.ActiveCfg = Release|Any CPU
		{CB6411FA-3AA5-46AF-A639-293C4281DA80}.Release|x86.Build.0 = Release|Any CPU
		{A47AC1EC-8873-4E0C-A169-C44E9F6912D4}.Debug|Any CPU.ActiveCfg = Debug|Any CPU
		{A47AC1EC-8873-4E0C-A169-C44E9F6912D4}.Debug|Any CPU.Build.0 = Debug|Any CPU
		{A47AC1EC-8873-4E0C-A169-C44E9F6912D4}.Debug|x64.ActiveCfg = Debug|Any CPU
		{A47AC1EC-8873-4E0C-A169-C44E9F6912D4}.Debug|x64.Build.0 = Debug|Any CPU
		{A47AC1EC-8873-4E0C-A169-C44E9F6912D4}.Debug|x86.ActiveCfg = Debug|Any CPU
		{A47AC1EC-8873-4E0C-A169-C44E9F6912D4}.Debug|x86.Build.0 = Debug|Any CPU
		{A47AC1EC-8873-4E0C-A169-C44E9F6912D4}.Release|Any CPU.ActiveCfg = Release|Any CPU
		{A47AC1EC-8873-4E0C-A169-C44E9F6912D4}.Release|Any CPU.Build.0 = Release|Any CPU
		{A47AC1EC-8873-4E0C-A169-C44E9F6912D4}.Release|x64.ActiveCfg = Release|Any CPU
		{A47AC1EC-8873-4E0C-A169-C44E9F6912D4}.Release|x64.Build.0 = Release|Any CPU
		{A47AC1EC-8873-4E0C-A169-C44E9F6912D4}.Release|x86.ActiveCfg = Release|Any CPU
		{A47AC1EC-8873-4E0C-A169-C44E9F6912D4}.Release|x86.Build.0 = Release|Any CPU
		{8698664A-2E2E-4597-9536-953A22A1D116}.Debug|Any CPU.ActiveCfg = Debug|Any CPU
		{8698664A-2E2E-4597-9536-953A22A1D116}.Debug|Any CPU.Build.0 = Debug|Any CPU
		{8698664A-2E2E-4597-9536-953A22A1D116}.Debug|x64.ActiveCfg = Debug|Any CPU
		{8698664A-2E2E-4597-9536-953A22A1D116}.Debug|x64.Build.0 = Debug|Any CPU
		{8698664A-2E2E-4597-9536-953A22A1D116}.Debug|x86.ActiveCfg = Debug|Any CPU
		{8698664A-2E2E-4597-9536-953A22A1D116}.Debug|x86.Build.0 = Debug|Any CPU
		{8698664A-2E2E-4597-9536-953A22A1D116}.Release|Any CPU.ActiveCfg = Release|Any CPU
		{8698664A-2E2E-4597-9536-953A22A1D116}.Release|Any CPU.Build.0 = Release|Any CPU
		{8698664A-2E2E-4597-9536-953A22A1D116}.Release|x64.ActiveCfg = Release|Any CPU
		{8698664A-2E2E-4597-9536-953A22A1D116}.Release|x64.Build.0 = Release|Any CPU
		{8698664A-2E2E-4597-9536-953A22A1D116}.Release|x86.ActiveCfg = Release|Any CPU
		{8698664A-2E2E-4597-9536-953A22A1D116}.Release|x86.Build.0 = Release|Any CPU
		{3C47C5C5-C004-4316-AA25-7F6E685A68A9}.Debug|Any CPU.ActiveCfg = Debug|Any CPU
		{3C47C5C5-C004-4316-AA25-7F6E685A68A9}.Debug|Any CPU.Build.0 = Debug|Any CPU
		{3C47C5C5-C004-4316-AA25-7F6E685A68A9}.Debug|x64.ActiveCfg = Debug|Any CPU
		{3C47C5C5-C004-4316-AA25-7F6E685A68A9}.Debug|x64.Build.0 = Debug|Any CPU
		{3C47C5C5-C004-4316-AA25-7F6E685A68A9}.Debug|x86.ActiveCfg = Debug|Any CPU
		{3C47C5C5-C004-4316-AA25-7F6E685A68A9}.Debug|x86.Build.0 = Debug|Any CPU
		{3C47C5C5-C004-4316-AA25-7F6E685A68A9}.Release|Any CPU.ActiveCfg = Release|Any CPU
		{3C47C5C5-C004-4316-AA25-7F6E685A68A9}.Release|Any CPU.Build.0 = Release|Any CPU
		{3C47C5C5-C004-4316-AA25-7F6E685A68A9}.Release|x64.ActiveCfg = Release|Any CPU
		{3C47C5C5-C004-4316-AA25-7F6E685A68A9}.Release|x64.Build.0 = Release|Any CPU
		{3C47C5C5-C004-4316-AA25-7F6E685A68A9}.Release|x86.ActiveCfg = Release|Any CPU
		{3C47C5C5-C004-4316-AA25-7F6E685A68A9}.Release|x86.Build.0 = Release|Any CPU
		{4046F7E7-CEFD-4A0E-8C05-C5B1859FC691}.Debug|Any CPU.ActiveCfg = Debug|Any CPU
		{4046F7E7-CEFD-4A0E-8C05-C5B1859FC691}.Debug|Any CPU.Build.0 = Debug|Any CPU
		{4046F7E7-CEFD-4A0E-8C05-C5B1859FC691}.Debug|x64.ActiveCfg = Debug|Any CPU
		{4046F7E7-CEFD-4A0E-8C05-C5B1859FC691}.Debug|x64.Build.0 = Debug|Any CPU
		{4046F7E7-CEFD-4A0E-8C05-C5B1859FC691}.Debug|x86.ActiveCfg = Debug|Any CPU
		{4046F7E7-CEFD-4A0E-8C05-C5B1859FC691}.Debug|x86.Build.0 = Debug|Any CPU
		{4046F7E7-CEFD-4A0E-8C05-C5B1859FC691}.Release|Any CPU.ActiveCfg = Release|Any CPU
		{4046F7E7-CEFD-4A0E-8C05-C5B1859FC691}.Release|Any CPU.Build.0 = Release|Any CPU
		{4046F7E7-CEFD-4A0E-8C05-C5B1859FC691}.Release|x64.ActiveCfg = Release|Any CPU
		{4046F7E7-CEFD-4A0E-8C05-C5B1859FC691}.Release|x64.Build.0 = Release|Any CPU
		{4046F7E7-CEFD-4A0E-8C05-C5B1859FC691}.Release|x86.ActiveCfg = Release|Any CPU
		{4046F7E7-CEFD-4A0E-8C05-C5B1859FC691}.Release|x86.Build.0 = Release|Any CPU
		{B1811ACC-BEE3-4444-9303-479349404920}.Debug|Any CPU.ActiveCfg = Debug|Any CPU
		{B1811ACC-BEE3-4444-9303-479349404920}.Debug|Any CPU.Build.0 = Debug|Any CPU
		{B1811ACC-BEE3-4444-9303-479349404920}.Debug|x64.ActiveCfg = Debug|Any CPU
		{B1811ACC-BEE3-4444-9303-479349404920}.Debug|x64.Build.0 = Debug|Any CPU
		{B1811ACC-BEE3-4444-9303-479349404920}.Debug|x86.ActiveCfg = Debug|Any CPU
		{B1811ACC-BEE3-4444-9303-479349404920}.Debug|x86.Build.0 = Debug|Any CPU
		{B1811ACC-BEE3-4444-9303-479349404920}.Release|Any CPU.ActiveCfg = Release|Any CPU
		{B1811ACC-BEE3-4444-9303-479349404920}.Release|Any CPU.Build.0 = Release|Any CPU
		{B1811ACC-BEE3-4444-9303-479349404920}.Release|x64.ActiveCfg = Release|Any CPU
		{B1811ACC-BEE3-4444-9303-479349404920}.Release|x64.Build.0 = Release|Any CPU
		{B1811ACC-BEE3-4444-9303-479349404920}.Release|x86.ActiveCfg = Release|Any CPU
		{B1811ACC-BEE3-4444-9303-479349404920}.Release|x86.Build.0 = Release|Any CPU
		{CF734AAF-4BF8-4DED-A0B8-7254A22A16B3}.Debug|Any CPU.ActiveCfg = Debug|Any CPU
		{CF734AAF-4BF8-4DED-A0B8-7254A22A16B3}.Debug|Any CPU.Build.0 = Debug|Any CPU
		{CF734AAF-4BF8-4DED-A0B8-7254A22A16B3}.Debug|x64.ActiveCfg = Debug|Any CPU
		{CF734AAF-4BF8-4DED-A0B8-7254A22A16B3}.Debug|x64.Build.0 = Debug|Any CPU
		{CF734AAF-4BF8-4DED-A0B8-7254A22A16B3}.Debug|x86.ActiveCfg = Debug|Any CPU
		{CF734AAF-4BF8-4DED-A0B8-7254A22A16B3}.Debug|x86.Build.0 = Debug|Any CPU
		{CF734AAF-4BF8-4DED-A0B8-7254A22A16B3}.Release|Any CPU.ActiveCfg = Release|Any CPU
		{CF734AAF-4BF8-4DED-A0B8-7254A22A16B3}.Release|Any CPU.Build.0 = Release|Any CPU
		{CF734AAF-4BF8-4DED-A0B8-7254A22A16B3}.Release|x64.ActiveCfg = Release|Any CPU
		{CF734AAF-4BF8-4DED-A0B8-7254A22A16B3}.Release|x64.Build.0 = Release|Any CPU
		{CF734AAF-4BF8-4DED-A0B8-7254A22A16B3}.Release|x86.ActiveCfg = Release|Any CPU
		{CF734AAF-4BF8-4DED-A0B8-7254A22A16B3}.Release|x86.Build.0 = Release|Any CPU
	EndGlobalSection
	GlobalSection(SolutionProperties) = preSolution
		HideSolutionNode = FALSE
	EndGlobalSection
	GlobalSection(NestedProjects) = preSolution
		{2CBE1D28-0EC7-3B19-3A36-675A4D1AD6AD} = {5854FF58-B8C5-05C6-5BF2-ACE42193F22B}
		{214C6F94-0CE7-4C52-9720-0530011170BE} = {2CBE1D28-0EC7-3B19-3A36-675A4D1AD6AD}
		{546CA771-A272-4D01-B5C4-E19260BC03F1} = {2CBE1D28-0EC7-3B19-3A36-675A4D1AD6AD}
		{BB9B0570-D764-F740-A1C1-3444BA1D5022} = {5854FF58-B8C5-05C6-5BF2-ACE42193F22B}
		{CB6411FA-3AA5-46AF-A639-293C4281DA80} = {BB9B0570-D764-F740-A1C1-3444BA1D5022}
		{A47AC1EC-8873-4E0C-A169-C44E9F6912D4} = {BB9B0570-D764-F740-A1C1-3444BA1D5022}
		{8698664A-2E2E-4597-9536-953A22A1D116} = {4F52FD11-658E-A102-6CD3-7D7C16FFA15B}
		{3C47C5C5-C004-4316-AA25-7F6E685A68A9} = {BB9B0570-D764-F740-A1C1-3444BA1D5022}
		{4046F7E7-CEFD-4A0E-8C05-C5B1859FC691} = {BB9B0570-D764-F740-A1C1-3444BA1D5022}
		{B1811ACC-BEE3-4444-9303-479349404920} = {2CBE1D28-0EC7-3B19-3A36-675A4D1AD6AD}
		{CF734AAF-4BF8-4DED-A0B8-7254A22A16B3} = {2CBE1D28-0EC7-3B19-3A36-675A4D1AD6AD}
	EndGlobalSection
	GlobalSection(ExtensibilityGlobals) = postSolution
		SolutionGuid = {259CC7C0-EB78-4966-9FDE-4290A7BC60D4}
	EndGlobalSection
EndGlobal
